
Microsoft Visual Studio Solution File, Format Version 12.00
# Visual Studio Version 17
VisualStudioVersion = 17.11.35312.102
MinimumVisualStudioVersion = 10.0.40219.1
Project("{FAE04EC0-301F-11D3-BF4B-00C04F79EFBC}") = "WebMyPham", "WebMyPham\WebMyPham.csproj", "{B5DFE9F3-4D4D-4001-8637-659B6AEC6AFD}"
EndProject
Global
	GlobalSection(SolutionConfigurationPlatforms) = preSolution
		Debug|Any CPU = Debug|Any CPU
		Release|Any CPU = Release|Any CPU
	EndGlobalSection
	GlobalSection(ProjectConfigurationPlatforms) = postSolution
		{B5DFE9F3-4D4D-4001-8637-659B6AEC6AFD}.Debug|Any CPU.ActiveCfg = Debug|Any CPU
		{B5DFE9F3-4D4D-4001-8637-659B6AEC6AFD}.Debug|Any CPU.Build.0 = Debug|Any CPU
		{B5DFE9F3-4D4D-4001-8637-659B6AEC6AFD}.Release|Any CPU.ActiveCfg = Release|Any CPU
		{B5DFE9F3-4D4D-4001-8637-659B6AEC6AFD}.Release|Any CPU.Build.0 = Release|Any CPU
	EndGlobalSection
	GlobalSection(SolutionProperties) = preSolution
		HideSolutionNode = FALSE
	EndGlobalSection
	GlobalSection(ExtensibilityGlobals) = postSolution
		SolutionGuid = {3C826B8D-BFBA-44B6-9FE0-6168F550605C}
	EndGlobalSection
EndGlobal
